# THIS IS AN AUTOGENERATED FILE. DO NOT EDIT THIS FILE DIRECTLY.
# yarn lockfile v1


dom-walk@^0.1.0:
  version "0.1.1"
  resolved "http://r.npm.sankuai.com/dom-walk/download/dom-walk-0.1.1.tgz#672226dc74c8f799ad35307df936aba11acd6018"

global@^4.3.2:
  version "4.3.2"
  resolved "http://r.npm.sankuai.com/global/download/global-4.3.2.tgz#e76989268a6c74c38908b1305b10fc0e394e9d0f"
  dependencies:
    min-document "^2.19.0"
    process "~0.5.1"

html-beautify@^1.0.4:
  version "1.0.4"
  resolved "http://r.npm.sankuai.com/html-beautify/download/html-beautify-1.0.4.tgz#09b2cf5806fa0dbd7e3dbe649d6598316d4794e0"

min-document@^2.19.0:
  version "2.19.0"
  resolved "http://r.npm.sankuai.com/min-document/download/min-document-2.19.0.tgz#7bd282e3f5842ed295bb748cdd9f1ffa2c824685"
  dependencies:
    dom-walk "^0.1.0"

prettier@^1.5.2:
  version "1.5.2"
  resolved "http://r.npm.sankuai.com/prettier/download/prettier-1.5.2.tgz#7ea0751da27b93bfb6cecfcec509994f52d83bb3"

process@~0.5.1:
  version "0.5.2"
  resolved "http://r.npm.sankuai.com/process/download/process-0.5.2.tgz#1638d8a8e34c2f440a91db95ab9aeb677fc185cf"
